
Microsoft Visual Studio Solution File, Format Version 12.00
# Visual Studio Version 17
VisualStudioVersion = 17.5.002.0
MinimumVisualStudioVersion = 10.0.40219.1
Project("{9A19103F-16F7-4668-BE54-9A1E7A4F7556}") = "randomCase", "randomCase.csproj", "{8E8DC04A-B7D9-41B9-BE1F-38E86AE28673}"
EndProject
Global
	GlobalSection(SolutionConfigurationPlatforms) = preSolution
		Debug|Any CPU = Debug|Any CPU
		Release|Any CPU = Release|Any CPU
	EndGlobalSection
	GlobalSection(ProjectConfigurationPlatforms) = postSolution
		{8E8DC04A-B7D9-41B9-BE1F-38E86AE28673}.Debug|Any CPU.ActiveCfg = Debug|Any CPU
		{8E8DC04A-B7D9-41B9-BE1F-38E86AE28673}.Debug|Any CPU.Build.0 = Debug|Any CPU
		{8E8DC04A-B7D9-41B9-BE1F-38E86AE28673}.Release|Any CPU.ActiveCfg = Release|Any CPU
		{8E8DC04A-B7D9-41B9-BE1F-38E86AE28673}.Release|Any CPU.Build.0 = Release|Any CPU
	EndGlobalSection
	GlobalSection(SolutionProperties) = preSolution
		HideSolutionNode = FALSE
	EndGlobalSection
	GlobalSection(ExtensibilityGlobals) = postSolution
		SolutionGuid = {0A5F4438-3002-4728-B24F-08127C1D4EC9}
	EndGlobalSection
EndGlobal
