
Microsoft Visual Studio Solution File, Format Version 12.00
# Visual Studio Version 17
VisualStudioVersion = 17.5.002.0
MinimumVisualStudioVersion = 10.0.40219.1
Project("{9A19103F-16F7-4668-BE54-9A1E7A4F7556}") = "poemGenerator", "poemGenerator.csproj", "{46F4F791-BB93-4A23-8107-C8A9F28DBF8E}"
EndProject
Global
	GlobalSection(SolutionConfigurationPlatforms) = preSolution
		Debug|Any CPU = Debug|Any CPU
		Release|Any CPU = Release|Any CPU
	EndGlobalSection
	GlobalSection(ProjectConfigurationPlatforms) = postSolution
		{46F4F791-BB93-4A23-8107-C8A9F28DBF8E}.Debug|Any CPU.ActiveCfg = Debug|Any CPU
		{46F4F791-BB93-4A23-8107-C8A9F28DBF8E}.Debug|Any CPU.Build.0 = Debug|Any CPU
		{46F4F791-BB93-4A23-8107-C8A9F28DBF8E}.Release|Any CPU.ActiveCfg = Release|Any CPU
		{46F4F791-BB93-4A23-8107-C8A9F28DBF8E}.Release|Any CPU.Build.0 = Release|Any CPU
	EndGlobalSection
	GlobalSection(SolutionProperties) = preSolution
		HideSolutionNode = FALSE
	EndGlobalSection
	GlobalSection(ExtensibilityGlobals) = postSolution
		SolutionGuid = {F017EF64-5E99-41D9-817A-566A747AA2F9}
	EndGlobalSection
EndGlobal
